
Microsoft Visual Studio Solution File, Format Version 12.00
# Visual Studio Version 17
VisualStudioVersion = 17.2.32630.192
MinimumVisualStudioVersion = 10.0.40219.1
Project("{FAE04EC0-301F-11D3-BF4B-00C04F79EFBC}") = "FileManagerOOP", "FileManagerOOP\FileManagerOOP.csproj", "{DC82B073-EEFE-4A1E-8201-96AA81BE5FF4}"
EndProject
Global
	GlobalSection(SolutionConfigurationPlatforms) = preSolution
		Debug|Any CPU = Debug|Any CPU
		Release|Any CPU = Release|Any CPU
	EndGlobalSection
	GlobalSection(ProjectConfigurationPlatforms) = postSolution
		{DC82B073-EEFE-4A1E-8201-96AA81BE5FF4}.Debug|Any CPU.ActiveCfg = Debug|Any CPU
		{DC82B073-EEFE-4A1E-8201-96AA81BE5FF4}.Debug|Any CPU.Build.0 = Debug|Any CPU
		{DC82B073-EEFE-4A1E-8201-96AA81BE5FF4}.Release|Any CPU.ActiveCfg = Release|Any CPU
		{DC82B073-EEFE-4A1E-8201-96AA81BE5FF4}.Release|Any CPU.Build.0 = Release|Any CPU
	EndGlobalSection
	GlobalSection(SolutionProperties) = preSolution
		HideSolutionNode = FALSE
	EndGlobalSection
	GlobalSection(ExtensibilityGlobals) = postSolution
		SolutionGuid = {335F268F-371A-4B29-890A-2C784D862052}
	EndGlobalSection
EndGlobal
